<?xml version="1.0" encoding="utf-8"?>
<Project ToolsVersion="15.0" xmlns="http://schemas.microsoft.com/developer/msbuild/2003">
  <ItemGroup>
    <CustomBuild Include="C:\Users\User\Desktop\GLEngine\CMakeFiles\dc57a8b63db6e19798f729b52a1f376b\INSTALL_force.rule">
      <Filter>CMake Rules</Filter>
    </CustomBuild>
  </ItemGroup>
  <ItemGroup>
    <Filter Include="CMake Rules">
      <UniqueIdentifier>{0F8C1CC7-2FA8-3C76-8E81-CA68A8FD53BF}</UniqueIdentifier>
    </Filter>
  </ItemGroup>
</Project>
